github.com/mwf/vgo-a v0.1.0 h1:A9nremkyzdQ91uqfx7muvrFfKtYU7M9mj8A2Asml70k=
github.com/mwf/vgo-a v0.1.0/go.mod h1:ARl8+mFgXJeLzxKL5dHidoqImtw3ZtLLXXO75OqKjcA=
github.com/mwf/vgo-a-fork1 v0.0.0-20180809175853-c2cfafa59bf6 h1:fPxXs/z56ZaB2IWgUMw/cqo+5WvaMuWCN6gSylt/Hmw=
github.com/mwf/vgo-a-fork1 v0.0.0-20180809175853-c2cfafa59bf6/go.mod h1:pIqRf1cZrlReZgQV8RYf4DgSaj2uU/mc6usf5z33DaA=
github.com/mwf/vgo-a-fork1 v0.2.0 h1:Tpm1vnBUkQvzk6DXNuOiV9kj8o4KZtrC9vrGu3sG/AA=
github.com/mwf/vgo-a-fork1 v0.2.0/go.mod h1:pIqRf1cZrlReZgQV8RYf4DgSaj2uU/mc6usf5z33DaA=
github.com/mwf/vgo-a-fork2 v0.2.1 h1:L8N8H8dkCP8p+FavpblzIu+MPvgN5yjdR3CvsV19v+8=
github.com/mwf/vgo-a-fork2 v0.2.1/go.mod h1:nZ3QZYZDlmAGcoHl+Ih3+buFGhjEdcaDsDod3G92m+k=
